{
  "name": "my-lib",
  "version": "0.0.1",
  "lockfileVersion": 2,
  "requires": true,
  "packages": {
    "": {
      "name": "my-lib",
      "version": "0.0.1",
      "dependencies": {
        "@angular-slider/ngx-slider": "2.0.4",
        "@ng-select/ng-select": "^7.0.0",
        "cronstrue": "1.123.0",
        "date-fns": "2.16.1",
        "http-status-codes": "2.1.4",
        "jasmine-marbles": "0.6.0",
        "ngx-toastr": "16.0.1",
        "ngx-ui-loader": "10.0.0",
        "ngx-valdemort": "8.1.0",
        "tslib": "^2.0.0"
      },
      "peerDependencies": {
        "@angular/common": "^15.2.0",
        "@angular/core": "^15.2.0"
      }
    },
    "node_modules/@angular-slider/ngx-slider": {
      "version": "2.0.4",
      "resolved": "https://registry.npmjs.org/@angular-slider/ngx-slider/-/ngx-slider-2.0.4.tgz",
      "integrity": "sha512-EccMcGlb2bJJWikXZBjRwdWgRiYYmWd3UCgf8l3KAlyqPAxPVgxI73wqipp4/nZwidq53a9s3OB+KC79enfM2A==",
      "dependencies": {
        "detect-passive-events": "^2.0.3",
        "rxjs": "^6.5.2",
        "tslib": "^1.9.0"
      },
      "peerDependencies": {
        "@angular/common": ">=6.1.0",
        "@angular/core": ">=6.1.0",
        "@angular/forms": ">=6.1.0"
      }
    },
    "node_modules/@angular-slider/ngx-slider/node_modules/tslib": {
      "version": "1.14.1",
      "resolved": "https://registry.npmjs.org/tslib/-/tslib-1.14.1.tgz",
      "integrity": "sha512-Xni35NKzjgMrwevysHTCArtLDpPvye8zV/0E4EyYn43P7/7qvQwPh9BGkHewbMulVntbigmcT7rdX3BNo9wRJg=="
    },
    "node_modules/@ng-select/ng-select": {
      "version": "7.4.0",
      "resolved": "https://registry.npmjs.org/@ng-select/ng-select/-/ng-select-7.4.0.tgz",
      "integrity": "sha512-Mn+gUA5KV2740zQHr4Zkc1tyTqeDE67tm4Cz4+miONWIPFP9KfxQ26goRDS8vT43zbDefalPQWH1thX+8NBRGg==",
      "dependencies": {
        "tslib": "^2.0.0"
      },
      "engines": {
        "node": ">= 12.14.0",
        "npm": ">= 6.0.0"
      },
      "peerDependencies": {
        "@angular/common": ">=12.0.0 <13.0.0",
        "@angular/core": ">=12.0.0 <13.0.0",
        "@angular/forms": ">=12.0.0 <13.0.0"
      }
    },
    "node_modules/cronstrue": {
      "version": "1.123.0",
      "resolved": "https://registry.npmjs.org/cronstrue/-/cronstrue-1.123.0.tgz",
      "integrity": "sha512-hVu9yNYRYr+jj5KET1p7FaBxFwtCHM1ByffP9lZ6yJ6p53u4VEmzH8117v9PUydxWNzc8Eq+sCZEzsKcB3ckiA=="
    },
    "node_modules/date-fns": {
      "version": "2.16.1",
      "resolved": "https://registry.npmjs.org/date-fns/-/date-fns-2.16.1.tgz",
      "integrity": "sha512-sAJVKx/FqrLYHAQeN7VpJrPhagZc9R4ImZIWYRFZaaohR3KzmuK88touwsSwSVT8Qcbd4zoDsnGfX4GFB4imyQ==",
      "engines": {
        "node": ">=0.11"
      },
      "funding": {
        "type": "opencollective",
        "url": "https://opencollective.com/date-fns"
      }
    },
    "node_modules/detect-it": {
      "version": "4.0.1",
      "resolved": "https://registry.npmjs.org/detect-it/-/detect-it-4.0.1.tgz",
      "integrity": "sha512-dg5YBTJYvogK1+dA2mBUDKzOWfYZtHVba89SyZUhc4+e3i2tzgjANFg5lDRCd3UOtRcw00vUTMK8LELcMdicug=="
    },
    "node_modules/detect-passive-events": {
      "version": "2.0.3",
      "resolved": "https://registry.npmjs.org/detect-passive-events/-/detect-passive-events-2.0.3.tgz",
      "integrity": "sha512-QN/1X65Axis6a9D8qg8Py9cwY/fkWAmAH/edTbmLMcv4m5dboLJ7LcAi8CfaCON2tjk904KwKX/HTdsHC6yeRg==",
      "dependencies": {
        "detect-it": "^4.0.1"
      }
    },
    "node_modules/http-status-codes": {
      "version": "2.1.4",
      "resolved": "https://registry.npmjs.org/http-status-codes/-/http-status-codes-2.1.4.tgz",
      "integrity": "sha512-MZVIsLKGVOVE1KEnldppe6Ij+vmemMuApDfjhVSLzyYP+td0bREEYyAoIw9yFePoBXManCuBqmiNP5FqJS5Xkg=="
    },
    "node_modules/jasmine-marbles": {
      "version": "0.6.0",
      "resolved": "https://registry.npmjs.org/jasmine-marbles/-/jasmine-marbles-0.6.0.tgz",
      "integrity": "sha512-1uzgjEesEeCb+r+v46qn5x326TiGqk5SUZa+A3O+XnMCjG/pGcUOhL9Xsg5L7gLC6RFHyWGTkB5fei4rcvIOiQ==",
      "dependencies": {
        "lodash": "^4.5.0"
      },
      "peerDependencies": {
        "rxjs": "^6.4.0"
      }
    },
    "node_modules/lodash": {
      "version": "4.17.21",
      "resolved": "https://registry.npmjs.org/lodash/-/lodash-4.17.21.tgz",
      "integrity": "sha512-v2kDEe57lecTulaDIuNTPy3Ry4gLGJ6Z1O3vE1krgXZNrsQ+LFTGHVxVjcXPs17LhbZVGedAJv8XZ1tvj5FvSg=="
    },
    "node_modules/ngx-toastr": {
      "version": "16.0.1",
      "resolved": "https://registry.npmjs.org/ngx-toastr/-/ngx-toastr-16.0.1.tgz",
      "integrity": "sha512-GpGPQcNqB2m2i5yhH73CkGV6D6DlCJ0+aXZvUoR7OMxlJTlM+73FUePVYUnpWUHXR2IVMS+1ce8WwcTXJzGJxA==",
      "dependencies": {
        "tslib": "^2.3.0"
      },
      "peerDependencies": {
        "@angular/common": ">=14.0.0-0",
        "@angular/core": ">=14.0.0-0",
        "@angular/platform-browser": ">=14.0.0-0"
      }
    },
    "node_modules/ngx-ui-loader": {
      "version": "10.0.0",
      "resolved": "https://registry.npmjs.org/ngx-ui-loader/-/ngx-ui-loader-10.0.0.tgz",
      "integrity": "sha512-RdSAuqsBQq54nIQG/E7wfrQhipkBtyN/i6qzT+WhCAB9iFmEqSyFZBgwzNZO+wJ7MPSPjHGpWzEJBGNdXYCWSg==",
      "dependencies": {
        "tslib": "^2.0.0"
      },
      "peerDependencies": {
        "@angular/common": ">=10.0.0",
        "@angular/core": ">=10.0.0",
        "@angular/platform-browser": ">=10.0.0",
        "@angular/router": ">=10.0.0",
        "rxjs": ">=6.6.0"
      }
    },
    "node_modules/ngx-valdemort": {
      "version": "8.1.0",
      "resolved": "https://registry.npmjs.org/ngx-valdemort/-/ngx-valdemort-8.1.0.tgz",
      "integrity": "sha512-DETfUZwv8TGO6szP4w8qOFH0o6m9V985clHsr6IE2yFRZPAmW0O+CdiVzkJjkKqCW6DwazbDBtKOVTuAFoxJqA==",
      "dependencies": {
        "tslib": "2.4.0"
      },
      "peerDependencies": {
        "@angular/common": "^14.0.0",
        "@angular/core": "^14.0.0",
        "@angular/forms": "^14.0.0"
      }
    },
    "node_modules/ngx-valdemort/node_modules/tslib": {
      "version": "2.4.0",
      "resolved": "https://registry.npmjs.org/tslib/-/tslib-2.4.0.tgz",
      "integrity": "sha512-d6xOpEDfsi2CZVlPQzGeux8XMwLT9hssAsaPYExaQMuYskwb+x1x7J371tWlbBdWHroy99KnVB6qIkUbs5X3UQ=="
    },
    "node_modules/rxjs": {
      "version": "6.6.7",
      "resolved": "https://registry.npmjs.org/rxjs/-/rxjs-6.6.7.tgz",
      "integrity": "sha512-hTdwr+7yYNIT5n4AMYp85KA6yw2Va0FLa3Rguvbpa4W3I5xynaBZo41cM3XM+4Q6fRMj3sBYIR1VAmZMXYJvRQ==",
      "dependencies": {
        "tslib": "^1.9.0"
      },
      "engines": {
        "npm": ">=2.0.0"
      }
    },
    "node_modules/rxjs/node_modules/tslib": {
      "version": "1.14.1",
      "resolved": "https://registry.npmjs.org/tslib/-/tslib-1.14.1.tgz",
      "integrity": "sha512-Xni35NKzjgMrwevysHTCArtLDpPvye8zV/0E4EyYn43P7/7qvQwPh9BGkHewbMulVntbigmcT7rdX3BNo9wRJg=="
    },
    "node_modules/tslib": {
      "version": "2.5.0",
      "resolved": "https://registry.npmjs.org/tslib/-/tslib-2.5.0.tgz",
      "integrity": "sha512-336iVw3rtn2BUK7ORdIAHTyxHGRIHVReokCR3XjbckJMK7ms8FysBfhLR8IXnAgy7T0PTPNBWKiH514FOW/WSg=="
    }
  },
  "dependencies": {
    "@angular-slider/ngx-slider": {
      "version": "2.0.4",
      "resolved": "https://registry.npmjs.org/@angular-slider/ngx-slider/-/ngx-slider-2.0.4.tgz",
      "integrity": "sha512-EccMcGlb2bJJWikXZBjRwdWgRiYYmWd3UCgf8l3KAlyqPAxPVgxI73wqipp4/nZwidq53a9s3OB+KC79enfM2A==",
      "requires": {
        "detect-passive-events": "^2.0.3",
        "rxjs": "^6.5.2",
        "tslib": "^1.9.0"
      },
      "dependencies": {
        "tslib": {
          "version": "1.14.1",
          "resolved": "https://registry.npmjs.org/tslib/-/tslib-1.14.1.tgz",
          "integrity": "sha512-Xni35NKzjgMrwevysHTCArtLDpPvye8zV/0E4EyYn43P7/7qvQwPh9BGkHewbMulVntbigmcT7rdX3BNo9wRJg=="
        }
      }
    },
    "@ng-select/ng-select": {
      "version": "7.4.0",
      "resolved": "https://registry.npmjs.org/@ng-select/ng-select/-/ng-select-7.4.0.tgz",
      "integrity": "sha512-Mn+gUA5KV2740zQHr4Zkc1tyTqeDE67tm4Cz4+miONWIPFP9KfxQ26goRDS8vT43zbDefalPQWH1thX+8NBRGg==",
      "requires": {
        "tslib": "^2.0.0"
      }
    },
    "cronstrue": {
      "version": "1.123.0",
      "resolved": "https://registry.npmjs.org/cronstrue/-/cronstrue-1.123.0.tgz",
      "integrity": "sha512-hVu9yNYRYr+jj5KET1p7FaBxFwtCHM1ByffP9lZ6yJ6p53u4VEmzH8117v9PUydxWNzc8Eq+sCZEzsKcB3ckiA=="
    },
    "date-fns": {
      "version": "2.16.1",
      "resolved": "https://registry.npmjs.org/date-fns/-/date-fns-2.16.1.tgz",
      "integrity": "sha512-sAJVKx/FqrLYHAQeN7VpJrPhagZc9R4ImZIWYRFZaaohR3KzmuK88touwsSwSVT8Qcbd4zoDsnGfX4GFB4imyQ=="
    },
    "detect-it": {
      "version": "4.0.1",
      "resolved": "https://registry.npmjs.org/detect-it/-/detect-it-4.0.1.tgz",
      "integrity": "sha512-dg5YBTJYvogK1+dA2mBUDKzOWfYZtHVba89SyZUhc4+e3i2tzgjANFg5lDRCd3UOtRcw00vUTMK8LELcMdicug=="
    },
    "detect-passive-events": {
      "version": "2.0.3",
      "resolved": "https://registry.npmjs.org/detect-passive-events/-/detect-passive-events-2.0.3.tgz",
      "integrity": "sha512-QN/1X65Axis6a9D8qg8Py9cwY/fkWAmAH/edTbmLMcv4m5dboLJ7LcAi8CfaCON2tjk904KwKX/HTdsHC6yeRg==",
      "requires": {
        "detect-it": "^4.0.1"
      }
    },
    "http-status-codes": {
      "version": "2.1.4",
      "resolved": "https://registry.npmjs.org/http-status-codes/-/http-status-codes-2.1.4.tgz",
      "integrity": "sha512-MZVIsLKGVOVE1KEnldppe6Ij+vmemMuApDfjhVSLzyYP+td0bREEYyAoIw9yFePoBXManCuBqmiNP5FqJS5Xkg=="
    },
    "jasmine-marbles": {
      "version": "0.6.0",
      "resolved": "https://registry.npmjs.org/jasmine-marbles/-/jasmine-marbles-0.6.0.tgz",
      "integrity": "sha512-1uzgjEesEeCb+r+v46qn5x326TiGqk5SUZa+A3O+XnMCjG/pGcUOhL9Xsg5L7gLC6RFHyWGTkB5fei4rcvIOiQ==",
      "requires": {
        "lodash": "^4.5.0"
      }
    },
    "lodash": {
      "version": "4.17.21",
      "resolved": "https://registry.npmjs.org/lodash/-/lodash-4.17.21.tgz",
      "integrity": "sha512-v2kDEe57lecTulaDIuNTPy3Ry4gLGJ6Z1O3vE1krgXZNrsQ+LFTGHVxVjcXPs17LhbZVGedAJv8XZ1tvj5FvSg=="
    },
    "ngx-toastr": {
      "version": "16.0.1",
      "resolved": "https://registry.npmjs.org/ngx-toastr/-/ngx-toastr-16.0.1.tgz",
      "integrity": "sha512-GpGPQcNqB2m2i5yhH73CkGV6D6DlCJ0+aXZvUoR7OMxlJTlM+73FUePVYUnpWUHXR2IVMS+1ce8WwcTXJzGJxA==",
      "requires": {
        "tslib": "^2.3.0"
      }
    },
    "ngx-ui-loader": {
      "version": "10.0.0",
      "resolved": "https://registry.npmjs.org/ngx-ui-loader/-/ngx-ui-loader-10.0.0.tgz",
      "integrity": "sha512-RdSAuqsBQq54nIQG/E7wfrQhipkBtyN/i6qzT+WhCAB9iFmEqSyFZBgwzNZO+wJ7MPSPjHGpWzEJBGNdXYCWSg==",
      "requires": {
        "tslib": "^2.0.0"
      }
    },
    "ngx-valdemort": {
      "version": "8.1.0",
      "resolved": "https://registry.npmjs.org/ngx-valdemort/-/ngx-valdemort-8.1.0.tgz",
      "integrity": "sha512-DETfUZwv8TGO6szP4w8qOFH0o6m9V985clHsr6IE2yFRZPAmW0O+CdiVzkJjkKqCW6DwazbDBtKOVTuAFoxJqA==",
      "requires": {
        "tslib": "2.4.0"
      },
      "dependencies": {
        "tslib": {
          "version": "2.4.0",
          "resolved": "https://registry.npmjs.org/tslib/-/tslib-2.4.0.tgz",
          "integrity": "sha512-d6xOpEDfsi2CZVlPQzGeux8XMwLT9hssAsaPYExaQMuYskwb+x1x7J371tWlbBdWHroy99KnVB6qIkUbs5X3UQ=="
        }
      }
    },
    "rxjs": {
      "version": "6.6.7",
      "resolved": "https://registry.npmjs.org/rxjs/-/rxjs-6.6.7.tgz",
      "integrity": "sha512-hTdwr+7yYNIT5n4AMYp85KA6yw2Va0FLa3Rguvbpa4W3I5xynaBZo41cM3XM+4Q6fRMj3sBYIR1VAmZMXYJvRQ==",
      "requires": {
        "tslib": "^1.9.0"
      },
      "dependencies": {
        "tslib": {
          "version": "1.14.1",
          "resolved": "https://registry.npmjs.org/tslib/-/tslib-1.14.1.tgz",
          "integrity": "sha512-Xni35NKzjgMrwevysHTCArtLDpPvye8zV/0E4EyYn43P7/7qvQwPh9BGkHewbMulVntbigmcT7rdX3BNo9wRJg=="
        }
      }
    },
    "tslib": {
      "version": "2.5.0",
      "resolved": "https://registry.npmjs.org/tslib/-/tslib-2.5.0.tgz",
      "integrity": "sha512-336iVw3rtn2BUK7ORdIAHTyxHGRIHVReokCR3XjbckJMK7ms8FysBfhLR8IXnAgy7T0PTPNBWKiH514FOW/WSg=="
    }
  }
}
